
Microsoft Visual Studio Solution File, Format Version 12.00
# Visual Studio Version 17
VisualStudioVersion = 17.0.32014.148
MinimumVisualStudioVersion = 10.0.40219.1
Project("{FAE04EC0-301F-11D3-BF4B-00C04F79EFBC}") = "DrivingLicenseManagement.PL", "DrivingLicenseManagement.PL\DrivingLicenseManagement.PL.csproj", "{E790D410-A6AC-4AD6-9741-B75884201231}"
EndProject
Project("{FAE04EC0-301F-11D3-BF4B-00C04F79EFBC}") = "DrivingLicenseManagement.BL", "DrivingLicenseManagement.BL\DrivingLicenseManagement.BL.csproj", "{65436A51-9F26-4097-ACCA-D20E4403DC9E}"
EndProject
Project("{FAE04EC0-301F-11D3-BF4B-00C04F79EFBC}") = "DrivingLicenseManagement.DAL", "DrivingLicenseManagement.DAL\DrivingLicenseManagement.DAL.csproj", "{40FEEB0A-C26F-493B-9264-184107F4F1D3}"
EndProject
Global
	GlobalSection(SolutionConfigurationPlatforms) = preSolution
		Debug|Any CPU = Debug|Any CPU
		Release|Any CPU = Release|Any CPU
	EndGlobalSection
	GlobalSection(ProjectConfigurationPlatforms) = postSolution
		{E790D410-A6AC-4AD6-9741-B75884201231}.Debug|Any CPU.ActiveCfg = Debug|Any CPU
		{E790D410-A6AC-4AD6-9741-B75884201231}.Debug|Any CPU.Build.0 = Debug|Any CPU
		{E790D410-A6AC-4AD6-9741-B75884201231}.Release|Any CPU.ActiveCfg = Release|Any CPU
		{E790D410-A6AC-4AD6-9741-B75884201231}.Release|Any CPU.Build.0 = Release|Any CPU
		{65436A51-9F26-4097-ACCA-D20E4403DC9E}.Debug|Any CPU.ActiveCfg = Debug|Any CPU
		{65436A51-9F26-4097-ACCA-D20E4403DC9E}.Debug|Any CPU.Build.0 = Debug|Any CPU
		{65436A51-9F26-4097-ACCA-D20E4403DC9E}.Release|Any CPU.ActiveCfg = Release|Any CPU
		{65436A51-9F26-4097-ACCA-D20E4403DC9E}.Release|Any CPU.Build.0 = Release|Any CPU
		{40FEEB0A-C26F-493B-9264-184107F4F1D3}.Debug|Any CPU.ActiveCfg = Debug|Any CPU
		{40FEEB0A-C26F-493B-9264-184107F4F1D3}.Debug|Any CPU.Build.0 = Debug|Any CPU
		{40FEEB0A-C26F-493B-9264-184107F4F1D3}.Release|Any CPU.ActiveCfg = Release|Any CPU
		{40FEEB0A-C26F-493B-9264-184107F4F1D3}.Release|Any CPU.Build.0 = Release|Any CPU
	EndGlobalSection
	GlobalSection(SolutionProperties) = preSolution
		HideSolutionNode = FALSE
	EndGlobalSection
	GlobalSection(ExtensibilityGlobals) = postSolution
		SolutionGuid = {910B4FDD-274D-4CE1-9FF6-7237EFB56193}
	EndGlobalSection
EndGlobal
